
Microsoft Visual Studio Solution File, Format Version 12.00
# Visual Studio 15
VisualStudioVersion = 15.0.27703.2035
MinimumVisualStudioVersion = 10.0.40219.1
Project("{FAE04EC0-301F-11D3-BF4B-00C04F79EFBC}") = "Minesweeper", "Minesweeper\Minesweeper.csproj", "{B1696A89-FF2C-41CE-BE4E-ECE3B09F205B}"
EndProject
Project("{FAE04EC0-301F-11D3-BF4B-00C04F79EFBC}") = "MinesweeperTest", "MinesweeperTest\MinesweeperTest.csproj", "{2C97D9C4-7D8C-4264-8733-8051A0D938BF}"
EndProject
Project("{2150E333-8FDC-42A3-9474-1A3956D46DE8}") = "Solution Items", "Solution Items", "{5D079C1E-58A1-4897-A728-DA6296E4C19A}"
	ProjectSection(SolutionItems) = preProject
		Task.txt = Task.txt
	EndProjectSection
EndProject
Global
	GlobalSection(SolutionConfigurationPlatforms) = preSolution
		Debug|Any CPU = Debug|Any CPU
		Release|Any CPU = Release|Any CPU
	EndGlobalSection
	GlobalSection(ProjectConfigurationPlatforms) = postSolution
		{B1696A89-FF2C-41CE-BE4E-ECE3B09F205B}.Debug|Any CPU.ActiveCfg = Debug|Any CPU
		{B1696A89-FF2C-41CE-BE4E-ECE3B09F205B}.Debug|Any CPU.Build.0 = Debug|Any CPU
		{B1696A89-FF2C-41CE-BE4E-ECE3B09F205B}.Release|Any CPU.ActiveCfg = Release|Any CPU
		{B1696A89-FF2C-41CE-BE4E-ECE3B09F205B}.Release|Any CPU.Build.0 = Release|Any CPU
		{2C97D9C4-7D8C-4264-8733-8051A0D938BF}.Debug|Any CPU.ActiveCfg = Debug|Any CPU
		{2C97D9C4-7D8C-4264-8733-8051A0D938BF}.Debug|Any CPU.Build.0 = Debug|Any CPU
		{2C97D9C4-7D8C-4264-8733-8051A0D938BF}.Release|Any CPU.ActiveCfg = Release|Any CPU
		{2C97D9C4-7D8C-4264-8733-8051A0D938BF}.Release|Any CPU.Build.0 = Release|Any CPU
	EndGlobalSection
	GlobalSection(SolutionProperties) = preSolution
		HideSolutionNode = FALSE
	EndGlobalSection
	GlobalSection(ExtensibilityGlobals) = postSolution
		SolutionGuid = {CAD70D60-3F4B-4F3D-BC61-FD674EBBAD5A}
	EndGlobalSection
EndGlobal
